
Microsoft Visual Studio Solution File, Format Version 12.00
Project("{FAE04EC0-301F-11D3-BF4B-00C04F79EFBC}") = "testScheduler", "testScheduler\testScheduler.csproj", "{B91979F3-6B17-4F53-9B63-A31D3A3EDFCC}"
EndProject
Global
	GlobalSection(SolutionConfigurationPlatforms) = preSolution
		Debug|Any CPU = Debug|Any CPU
		Release|Any CPU = Release|Any CPU
	EndGlobalSection
	GlobalSection(ProjectConfigurationPlatforms) = postSolution
		{B91979F3-6B17-4F53-9B63-A31D3A3EDFCC}.Debug|Any CPU.ActiveCfg = Debug|Any CPU
		{B91979F3-6B17-4F53-9B63-A31D3A3EDFCC}.Debug|Any CPU.Build.0 = Debug|Any CPU
		{B91979F3-6B17-4F53-9B63-A31D3A3EDFCC}.Release|Any CPU.ActiveCfg = Release|Any CPU
		{B91979F3-6B17-4F53-9B63-A31D3A3EDFCC}.Release|Any CPU.Build.0 = Release|Any CPU
	EndGlobalSection
EndGlobal
